PODS:
  - InputBarAccessoryView (4.3.3):
    - InputBarAccessoryView/Core (= 4.3.3)
  - InputBarAccessoryView/Core (4.3.3)
  - LookinServer (1.0.0)
  - MessageKit (3.1.0):
    - InputBarAccessoryView (~> 4.3.0)

DEPENDENCIES:
  - LookinServer
  - MessageKit (~> 3.1.0)

SPEC REPOS:
  https://github.com/CocoaPods/Specs.git:
    - InputBarAccessoryView
    - LookinServer
    - MessageKit

SPEC CHECKSUMS:
  InputBarAccessoryView: 8e7fc09e9cba75e0fee5da13450e15c194806f69
  LookinServer: 0002891cd3cec5e082a910e897dfe71b4f06b89e
  MessageKit: 3beb578737a5aa2bba25cc27c7b6d6faa09af5a7

PODFILE CHECKSUM: 5e511d3641b7804aa0d894b86f325acb580c3fac

COCOAPODS: 1.10.1
