PODS:
  - InputBarAccessoryView (5.3.1):
    - InputBarAccessoryView/Core (= 5.3.1)
  - InputBarAccessoryView/Core (5.3.1)
  - LookinServer (1.0.0)
  - MessageKit (3.6.1):
    - InputBarAccessoryView (~> 5.3.1)

DEPENDENCIES:
  - LookinServer
  - MessageKit

SPEC REPOS:
  https://github.com/CocoaPods/Specs.git:
    - InputBarAccessoryView
    - LookinServer
    - MessageKit

SPEC CHECKSUMS:
  InputBarAccessoryView: 1f75d8c9f75e5e57f3ffac36ed58635a8005e0bc
  LookinServer: 0002891cd3cec5e082a910e897dfe71b4f06b89e
  MessageKit: d153fbbbcb12f3f4045a1ba8874298924dacfb62

PODFILE CHECKSUM: 3a0341f7630c2aba4311e62303909f4ff7b45e32

COCOAPODS: 1.10.1
